
Microsoft Visual Studio Solution File, Format Version 12.00
# Visual Studio Version 17
VisualStudioVersion = 17.3.32825.248
MinimumVisualStudioVersion = 10.0.40219.1
Project("{8BC9CEB8-8B4A-11D0-8D11-00A0C91BC942}") = "CPP202311-29", "CPP202311-29.vcxproj", "{4648C66B-161C-4477-BEDB-657D30F4383C}"
EndProject
Global
	GlobalSection(SolutionConfigurationPlatforms) = preSolution
		Debug|x64 = Debug|x64
		Debug|x86 = Debug|x86
		Release|x64 = Release|x64
		Release|x86 = Release|x86
	EndGlobalSection
	GlobalSection(ProjectConfigurationPlatforms) = postSolution
		{4648C66B-161C-4477-BEDB-657D30F4383C}.Debug|x64.ActiveCfg = Debug|x64
		{4648C66B-161C-4477-BEDB-657D30F4383C}.Debug|x64.Build.0 = Debug|x64
		{4648C66B-161C-4477-BEDB-657D30F4383C}.Debug|x86.ActiveCfg = Debug|Win32
		{4648C66B-161C-4477-BEDB-657D30F4383C}.Debug|x86.Build.0 = Debug|Win32
		{4648C66B-161C-4477-BEDB-657D30F4383C}.Release|x64.ActiveCfg = Release|x64
		{4648C66B-161C-4477-BEDB-657D30F4383C}.Release|x64.Build.0 = Release|x64
		{4648C66B-161C-4477-BEDB-657D30F4383C}.Release|x86.ActiveCfg = Release|Win32
		{4648C66B-161C-4477-BEDB-657D30F4383C}.Release|x86.Build.0 = Release|Win32
	EndGlobalSection
	GlobalSection(SolutionProperties) = preSolution
		HideSolutionNode = FALSE
	EndGlobalSection
	GlobalSection(ExtensibilityGlobals) = postSolution
		SolutionGuid = {657EAAB7-8D2A-4BB6-93C1-5D69FDD9A72D}
	EndGlobalSection
EndGlobal
