
Microsoft Visual Studio Solution File, Format Version 12.00
# Visual Studio Version 17
VisualStudioVersion = 17.3.32825.248
MinimumVisualStudioVersion = 10.0.40219.1
Project("{8BC9CEB8-8B4A-11D0-8D11-00A0C91BC942}") = "CPP202309-13", "CPP202309-13.vcxproj", "{C66F1E9F-7E22-4C63-AA51-2CCBF86EB735}"
EndProject
Global
	GlobalSection(SolutionConfigurationPlatforms) = preSolution
		Debug|x64 = Debug|x64
		Debug|x86 = Debug|x86
		Release|x64 = Release|x64
		Release|x86 = Release|x86
	EndGlobalSection
	GlobalSection(ProjectConfigurationPlatforms) = postSolution
		{C66F1E9F-7E22-4C63-AA51-2CCBF86EB735}.Debug|x64.ActiveCfg = Debug|x64
		{C66F1E9F-7E22-4C63-AA51-2CCBF86EB735}.Debug|x64.Build.0 = Debug|x64
		{C66F1E9F-7E22-4C63-AA51-2CCBF86EB735}.Debug|x86.ActiveCfg = Debug|Win32
		{C66F1E9F-7E22-4C63-AA51-2CCBF86EB735}.Debug|x86.Build.0 = Debug|Win32
		{C66F1E9F-7E22-4C63-AA51-2CCBF86EB735}.Release|x64.ActiveCfg = Release|x64
		{C66F1E9F-7E22-4C63-AA51-2CCBF86EB735}.Release|x64.Build.0 = Release|x64
		{C66F1E9F-7E22-4C63-AA51-2CCBF86EB735}.Release|x86.ActiveCfg = Release|Win32
		{C66F1E9F-7E22-4C63-AA51-2CCBF86EB735}.Release|x86.Build.0 = Release|Win32
	EndGlobalSection
	GlobalSection(SolutionProperties) = preSolution
		HideSolutionNode = FALSE
	EndGlobalSection
	GlobalSection(ExtensibilityGlobals) = postSolution
		SolutionGuid = {147BD905-4F98-4CC4-B4C7-EAB2FE510879}
	EndGlobalSection
EndGlobal
